// !$*UTF8*$!
{
	archiveVersion = 1;
	classes = {
	};
	objectVersion = 56;
	objects = {

/* Begin PBXBuildFile section */
		9C96946229357CB800AAEC25 /* boutApp.swift in Sources */ = {isa = PBXBuildFile; fileRef = 9C96946129357CB800AAEC25 /* boutApp.swift */; };
		9C96946429357CB800AAEC25 /* ContentView.swift in Sources */ = {isa = PBXBuildFile; fileRef = 9C96946329357CB800AAEC25 /* ContentView.swift */; };
		9C96946629357CB900AAEC25 /* Assets.xcassets in Resources */ = {isa = PBXBuildFile; fileRef = 9C96946529357CB900AAEC25 /* Assets.xcassets */; };
		9C96946929357CB900AAEC25 /* Preview Assets.xcassets in Resources */ = {isa = PBXBuildFile; fileRef = 9C96946829357CB900AAEC25 /* Preview Assets.xcassets */; };
		9C96947329357CB900AAEC25 /* boutTests.swift in Sources */ = {isa = PBXBuildFile; fileRef = 9C96947229357CB900AAEC25 /* boutTests.swift */; };
/* End PBXBuildFile section */

/* Begin PBXContainerItemProxy section */
		9C96946F29357CB900AAEC25 /* PBXContainerItemProxy */ = {
			isa = PBXContainerItemProxy;
			containerPortal = 9C96945629357CB800AAEC25 /* Project object */;
			proxyType = 1;
			remoteGlobalIDString = 9C96945D29357CB800AAEC25;
			remoteInfo = bout;
		};
		9C96947929357CB900AAEC25 /* PBXContainerItemProxy */ = {
			isa = PBXContainerItemProxy;
			containerPortal = 9C96945629357CB800AAEC25 /* Project object */;
			proxyType = 1;
			remoteGlobalIDString = 9C96945D29357CB800AAEC25;
			remoteInfo = bout;
		};
/* End PBXContainerItemProxy section */

/* Begin PBXFileReference section */
		9C96945E29357CB800AAEC25 /* bout.app */ = {isa = PBXFileReference; explicitFileType = wrapper.application; includeInIndex = 0; path = bout.app; sourceTree = BUILT_PRODUCTS_DIR; };
		9C96946129357CB800AAEC25 /* boutApp.swift */ = {isa = PBXFileReference; lastKnownFileType = sourcecode.swift; path = boutApp.swift; sourceTree = "<group>"; };
		9C96946329357CB800AAEC25 /* ContentView.swift */ = {isa = PBXFileReference; lastKnownFileType = sourcecode.swift; path = ContentView.swift; sourceTree = "<group>"; };
		9C96946529357CB900AAEC25 /* Assets.xcassets */ = {isa = PBXFileReference; lastKnownFileType = folder.assetcatalog; path = Assets.xcassets; sourceTree = "<group>"; };
		9C96946829357CB900AAEC25 /* Preview Assets.xcassets */ = {isa = PBXFileReference; lastKnownFileType = folder.assetcatalog; path = "Preview Assets.xcassets"; sourceTree = "<group>"; };
		9C96946E29357CB900AAEC25 /* boutTests.xctest */ = {isa = PBXFileReference; explicitFileType = wrapper.cfbundle; includeInIndex = 0; path = boutTests.xctest; sourceTree = BUILT_PRODUCTS_DIR; };
		9C96947229357CB900AAEC25 /* boutTests.swift */ = {isa = PBXFileReference; lastKnownFileType = sourcecode.swift; path = boutTests.swift; sourceTree = "<group>"; };
		9C96947829357CB900AAEC25 /* boutUITests.xctest */ = {isa = PBXFileReference; explicitFileType = wrapper.cfbundle; includeInIndex = 0; path = boutUITests.xctest; sourceTree = BUILT_PRODUCTS_DIR; };
/* End PBXFileReference section */

/* Begin PBXFrameworksBuildPhase section */
		9C96945B29357CB800AAEC25 /* Frameworks */ = {
			isa = PBXFrameworksBuildPhase;
			buildActionMask = 2147483647;
			files = (
			);
			runOnlyForDeploymentPostprocessing = 0;
		};
		9C96946B29357CB900AAEC25 /* Frameworks */ = {
			isa = PBXFrameworksBuildPhase;
			buildActionMask = 2147483647;
			files = (
			);
			runOnlyForDeploymentPostprocessing = 0;
		};
		9C96947529357CB900AAEC25 /* Frameworks */ = {
			isa = PBXFrameworksBuildPhase;
			buildActionMask = 2147483647;
			files = (
			);
			runOnlyForDeploymentPostprocessing = 0;
		};
/* End PBXFrameworksBuildPhase section */

/* Begin PBXGroup section */
		9C96945529357CB800AAEC25 = {
			isa = PBXGroup;
			children = (
				9C96946029357CB800AAEC25 /* bout */,
				9C96947129357CB900AAEC25 /* boutTests */,
				9C96945F29357CB800AAEC25 /* Products */,
			);
			sourceTree = "<group>";
		};
		9C96945F29357CB800AAEC25 /* Products */ = {
			isa = PBXGroup;
			children = (
				9C96945E29357CB800AAEC25 /* bout.app */,
				9C96946E29357CB900AAEC25 /* boutTests.xctest */,
				9C96947829357CB900AAEC25 /* boutUITests.xctest */,
			);
			name = Products;
			sourceTree = "<group>";
		};
		9C96946029357CB800AAEC25 /* bout */ = {
			isa = PBXGroup;
			children = (
				9C96946129357CB800AAEC25 /* boutApp.swift */,
				9C96946329357CB800AAEC25 /* ContentView.swift */,
				9C96946529357CB900AAEC25 /* Assets.xcassets */,
				9C96946729357CB900AAEC25 /* Preview Content */,
			);
			path = bout;
			sourceTree = "<group>";
		};
		9C96946729357CB900AAEC25 /* Preview Content */ = {
			isa = PBXGroup;
			children = (
				9C96946829357CB900AAEC25 /* Preview Assets.xcassets */,
			);
			path = "Preview Content";
			sourceTree = "<group>";
		};
		9C96947129357CB900AAEC25 /* boutTests */ = {
			isa = PBXGroup;
			children = (
				9C96947229357CB900AAEC25 /* boutTests.swift */,
			);
			path = boutTests;
			sourceTree = "<group>";
		};
/* End PBXGroup section */

/* Begin PBXNativeTarget section */
		9C96945D29357CB800AAEC25 /* bout */ = {
			isa = PBXNativeTarget;
			buildConfigurationList = 9C96948229357CB900AAEC25 /* Build configuration list for PBXNativeTarget "bout" */;
			buildPhases = (
				9C96945A29357CB800AAEC25 /* Sources */,
				9C96945B29357CB800AAEC25 /* Frameworks */,
				9C96945C29357CB800AAEC25 /* Resources */,
			);
			buildRules = (
			);
			dependencies = (
			);
			name = bout;
			productName = bout;
			productReference = 9C96945E29357CB800AAEC25 /* bout.app */;
			productType = "com.apple.product-type.application";
		};
		9C96946D29357CB900AAEC25 /* boutTests */ = {
			isa = PBXNativeTarget;
			buildConfigurationList = 9C96948529357CB900AAEC25 /* Build configuration list for PBXNativeTarget "boutTests" */;
			buildPhases = (
				9C96946A29357CB900AAEC25 /* Sources */,
				9C96946B29357CB900AAEC25 /* Frameworks */,
				9C96946C29357CB900AAEC25 /* Resources */,
			);
			buildRules = (
			);
			dependencies = (
				9C96947029357CB900AAEC25 /* PBXTargetDependency */,
			);
			name = boutTests;
			productName = boutTests;
			productReference = 9C96946E29357CB900AAEC25 /* boutTests.xctest */;
			productType = "com.apple.product-type.bundle.unit-test";
		};
		9C96947729357CB900AAEC25 /* boutUITests */ = {
			isa = PBXNativeTarget;
			buildConfigurationList = 9C96948829357CB900AAEC25 /* Build configuration list for PBXNativeTarget "boutUITests" */;
			buildPhases = (
				9C96947429357CB900AAEC25 /* Sources */,
				9C96947529357CB900AAEC25 /* Frameworks */,
				9C96947629357CB900AAEC25 /* Resources */,
			);
			buildRules = (
			);
			dependencies = (
				9C96947A29357CB900AAEC25 /* PBXTargetDependency */,
			);
			name = boutUITests;
			productName = boutUITests;
			productReference = 9C96947829357CB900AAEC25 /* boutUITests.xctest */;
			productType = "com.apple.product-type.bundle.ui-testing";
		};
/* End PBXNativeTarget section */

/* Begin PBXProject section */
		9C96945629357CB800AAEC25 /* Project object */ = {
			isa = PBXProject;
			attributes = {
				BuildIndependentTargetsInParallel = 1;
				LastSwiftUpdateCheck = 1410;
				LastUpgradeCheck = 1410;
				TargetAttributes = {
					9C96945D29357CB800AAEC25 = {
						CreatedOnToolsVersion = 14.1;
					};
					9C96946D29357CB900AAEC25 = {
						CreatedOnToolsVersion = 14.1;
						TestTargetID = 9C96945D29357CB800AAEC25;
					};
					9C96947729357CB900AAEC25 = {
						CreatedOnToolsVersion = 14.1;
						TestTargetID = 9C96945D29357CB800AAEC25;
					};
				};
			};
			buildConfigurationList = 9C96945929357CB800AAEC25 /* Build configuration list for PBXProject "bout" */;
			compatibilityVersion = "Xcode 14.0";
			developmentRegion = en;
			hasScannedForEncodings = 0;
			knownRegions = (
				en,
				Base,
			);
			mainGroup = 9C96945529357CB800AAEC25;
			productRefGroup = 9C96945F29357CB800AAEC25 /* Products */;
			projectDirPath = "";
			projectRoot = "";
			targets = (
				9C96945D29357CB800AAEC25 /* bout */,
				9C96946D29357CB900AAEC25 /* boutTests */,
				9C96947729357CB900AAEC25 /* boutUITests */,
			);
		};
/* End PBXProject section */

/* Begin PBXResourcesBuildPhase section */
		9C96945C29357CB800AAEC25 /* Resources */ = {
			isa = PBXResourcesBuildPhase;
			buildActionMask = 2147483647;
			files = (
				9C96946929357CB900AAEC25 /* Preview Assets.xcassets in Resources */,
				9C96946629357CB900AAEC25 /* Assets.xcassets in Resources */,
			);
			runOnlyForDeploymentPostprocessing = 0;
		};
		9C96946C29357CB900AAEC25 /* Resources */ = {
			isa = PBXResourcesBuildPhase;
			buildActionMask = 2147483647;
			files = (
			);
			runOnlyForDeploymentPostprocessing = 0;
		};
		9C96947629357CB900AAEC25 /* Resources */ = {
			isa = PBXResourcesBuildPhase;
			buildActionMask = 2147483647;
			files = (
			);
			runOnlyForDeploymentPostprocessing = 0;
		};
/* End PBXResourcesBuildPhase section */

/* Begin PBXSourcesBuildPhase section */
		9C96945A29357CB800AAEC25 /* Sources */ = {
			isa = PBXSourcesBuildPhase;
			buildActionMask = 2147483647;
			files = (
				9C96946429357CB800AAEC25 /* ContentView.swift in Sources */,
				9C96946229357CB800AAEC25 /* boutApp.swift in Sources */,
			);
			runOnlyForDeploymentPostprocessing = 0;
		};
		9C96946A29357CB900AAEC25 /* Sources */ = {
			isa = PBXSourcesBuildPhase;
			buildActionMask = 2147483647;
			files = (
				9C96947329357CB900AAEC25 /* boutTests.swift in Sources */,
			);
			runOnlyForDeploymentPostprocessing = 0;
		};
		9C96947429357CB900AAEC25 /* Sources */ = {
			isa = PBXSourcesBuildPhase;
			buildActionMask = 2147483647;
			files = (
			);
			runOnlyForDeploymentPostprocessing = 0;
		};
/* End PBXSourcesBuildPhase section */

/* Begin PBXTargetDependency section */
		9C96947029357CB900AAEC25 /* PBXTargetDependency */ = {
			isa = PBXTargetDependency;
			target = 9C96945D29357CB800AAEC25 /* bout */;
			targetProxy = 9C96946F29357CB900AAEC25 /* PBXContainerItemProxy */;
		};
		9C96947A29357CB900AAEC25 /* PBXTargetDependency */ = {
			isa = PBXTargetDependency;
			target = 9C96945D29357CB800AAEC25 /* bout */;
			targetProxy = 9C96947929357CB900AAEC25 /* PBXContainerItemProxy */;
		};
/* End PBXTargetDependency section */

/* Begin XCBuildConfiguration section */
		9C96948029357CB900AAEC25 /* Debug */ = {
			isa = XCBuildConfiguration;
			buildSettings = {
				ALWAYS_SEARCH_USER_PATHS = NO;
				CLANG_ANALYZER_NONNULL = YES;
				CLANG_ANALYZER_NUMBER_OBJECT_CONVERSION = YES_AGGRESSIVE;
				CLANG_CXX_LANGUAGE_STANDARD = "gnu++20";
				CLANG_ENABLE_MODULES = YES;
				CLANG_ENABLE_OBJC_ARC = YES;
				CLANG_ENABLE_OBJC_WEAK = YES;
				CLANG_WARN_BLOCK_CAPTURE_AUTORELEASING = YES;
				CLANG_WARN_BOOL_CONVERSION = YES;
				CLANG_WARN_COMMA = YES;
				CLANG_WARN_CONSTANT_CONVERSION = YES;
				CLANG_WARN_DEPRECATED_OBJC_IMPLEMENTATIONS = YES;
				CLANG_WARN_DIRECT_OBJC_ISA_USAGE = YES_ERROR;
				CLANG_WARN_DOCUMENTATION_COMMENTS = YES;
				CLANG_WARN_EMPTY_BODY = YES;
				CLANG_WARN_ENUM_CONVERSION = YES;
				CLANG_WARN_INFINITE_RECURSION = YES;
				CLANG_WARN_INT_CONVERSION = YES;
				CLANG_WARN_NON_LITERAL_NULL_CONVERSION = YES;
				CLANG_WARN_OBJC_IMPLICIT_RETAIN_SELF = YES;
				CLANG_WARN_OBJC_LITERAL_CONVERSION = YES;
				CLANG_WARN_OBJC_ROOT_CLASS = YES_ERROR;
				CLANG_WARN_QUOTED_INCLUDE_IN_FRAMEWORK_HEADER = YES;
				CLANG_WARN_RANGE_LOOP_ANALYSIS = YES;
				CLANG_WARN_STRICT_PROTOTYPES = YES;
				CLANG_WARN_SUSPICIOUS_MOVE = YES;
				CLANG_WARN_UNGUARDED_AVAILABILITY = YES_AGGRESSIVE;
				CLANG_WARN_UNREACHABLE_CODE = YES;
				CLANG_WARN__DUPLICATE_METHOD_MATCH = YES;
				COPY_PHASE_STRIP = NO;
				DEBUG_INFORMATION_FORMAT = dwarf;
				ENABLE_STRICT_OBJC_MSGSEND = YES;
				ENABLE_TESTABILITY = YES;
				GCC_C_LANGUAGE_STANDARD = gnu11;
				GCC_DYNAMIC_NO_PIC = NO;
				GCC_NO_COMMON_BLOCKS = YES;
				GCC_OPTIMIZATION_LEVEL = 0;
				GCC_PREPROCESSOR_DEFINITIONS = (
					"DEBUG=1",
					"$(inherited)",
				);
				GCC_WARN_64_TO_32_BIT_CONVERSION = YES;
				GCC_WARN_ABOUT_RETURN_TYPE = YES_ERROR;
				GCC_WARN_UNDECLARED_SELECTOR = YES;
				GCC_WARN_UNINITIALIZED_AUTOS = YES_AGGRESSIVE;
				GCC_WARN_UNUSED_FUNCTION = YES;
				GCC_WARN_UNUSED_VARIABLE = YES;
				IPHONEOS_DEPLOYMENT_TARGET = 16.1;
				MTL_ENABLE_DEBUG_INFO = INCLUDE_SOURCE;
				MTL_FAST_MATH = YES;
				ONLY_ACTIVE_ARCH = YES;
				SDKROOT = iphoneos;
				SWIFT_ACTIVE_COMPILATION_CONDITIONS = DEBUG;
				SWIFT_OPTIMIZATION_LEVEL = "-Onone";
			};
			name = Debug;
		};
		9C96948129357CB900AAEC25 /* Release */ = {
			isa = XCBuildConfiguration;
			buildSettings = {
				ALWAYS_SEARCH_USER_PATHS = NO;
				CLANG_ANALYZER_NONNULL = YES;
				CLANG_ANALYZER_NUMBER_OBJECT_CONVERSION = YES_AGGRESSIVE;
				CLANG_CXX_LANGUAGE_STANDARD = "gnu++20";
				CLANG_ENABLE_MODULES = YES;
				CLANG_ENABLE_OBJC_ARC = YES;
				CLANG_ENABLE_OBJC_WEAK = YES;
				CLANG_WARN_BLOCK_CAPTURE_AUTORELEASING = YES;
				CLANG_WARN_BOOL_CONVERSION = YES;
				CLANG_WARN_COMMA = YES;
				CLANG_WARN_CONSTANT_CONVERSION = YES;
				CLANG_WARN_DEPRECATED_OBJC_IMPLEMENTATIONS = YES;
				CLANG_WARN_DIRECT_OBJC_ISA_USAGE = YES_ERROR;
				CLANG_WARN_DOCUMENTATION_COMMENTS = YES;
				CLANG_WARN_EMPTY_BODY = YES;
				CLANG_WARN_ENUM_CONVERSION = YES;
				CLANG_WARN_INFINITE_RECURSION = YES;
				CLANG_WARN_INT_CONVERSION = YES;
				CLANG_WARN_NON_LITERAL_NULL_CONVERSION = YES;
				CLANG_WARN_OBJC_IMPLICIT_RETAIN_SELF = YES;
				CLANG_WARN_OBJC_LITERAL_CONVERSION = YES;
				CLANG_WARN_OBJC_ROOT_CLASS = YES_ERROR;
				CLANG_WARN_QUOTED_INCLUDE_IN_FRAMEWORK_HEADER = YES;
				CLANG_WARN_RANGE_LOOP_ANALYSIS = YES;
				CLANG_WARN_STRICT_PROTOTYPES = YES;
				CLANG_WARN_SUSPICIOUS_MOVE = YES;
				CLANG_WARN_UNGUARDED_AVAILABILITY = YES_AGGRESSIVE;
				CLANG_WARN_UNREACHABLE_CODE = YES;
				CLANG_WARN__DUPLICATE_METHOD_MATCH = YES;
				COPY_PHASE_STRIP = NO;
				DEBUG_INFORMATION_FORMAT = "dwarf-with-dsym";
				ENABLE_NS_ASSERTIONS = NO;
				ENABLE_STRICT_OBJC_MSGSEND = YES;
				GCC_C_LANGUAGE_STANDARD = gnu11;
				GCC_NO_COMMON_BLOCKS = YES;
				GCC_WARN_64_TO_32_BIT_CONVERSION = YES;
				GCC_WARN_ABOUT_RETURN_TYPE = YES_ERROR;
				GCC_WARN_UNDECLARED_SELECTOR = YES;
				GCC_WARN_UNINITIALIZED_AUTOS = YES_AGGRESSIVE;
				GCC_WARN_UNUSED_FUNCTION = YES;
				GCC_WARN_UNUSED_VARIABLE = YES;
				IPHONEOS_DEPLOYMENT_TARGET = 16.1;
				MTL_ENABLE_DEBUG_INFO = NO;
				MTL_FAST_MATH = YES;
				SDKROOT = iphoneos;
				SWIFT_COMPILATION_MODE = wholemodule;
				SWIFT_OPTIMIZATION_LEVEL = "-O";
				VALIDATE_PRODUCT = YES;
			};
			name = Release;
		};
		9C96948329357CB900AAEC25 /* Debug */ = {
			isa = XCBuildConfiguration;
			buildSettings = {
				ASSETCATALOG_COMPILER_APPICON_NAME = AppIcon;
				ASSETCATALOG_COMPILER_GLOBAL_ACCENT_COLOR_NAME = AccentColor;
				CODE_SIGN_STYLE = Automatic;
				CURRENT_PROJECT_VERSION = 1;
				DEVELOPMENT_ASSET_PATHS = "\"bout/Preview Content\"";
				DEVELOPMENT_TEAM = W3CBQB54QR;
				ENABLE_PREVIEWS = YES;
				GENERATE_INFOPLIST_FILE = YES;
				INFOPLIST_KEY_UIApplicationSceneManifest_Generation = YES;
				INFOPLIST_KEY_UIApplicationSupportsIndirectInputEvents = YES;
				INFOPLIST_KEY_UILaunchScreen_Generation = YES;
				INFOPLIST_KEY_UISupportedInterfaceOrientations_iPad = "UIInterfaceOrientationPortrait UIInterfaceOrientationPortraitUpsideDown UIInterfaceOrientationLandscapeLeft UIInterfaceOrientationLandscapeRight";
				INFOPLIST_KEY_UISupportedInterfaceOrientations_iPhone = "UIInterfaceOrientationPortrait UIInterfaceOrientationLandscapeLeft UIInterfaceOrientationLandscapeRight";
				LD_RUNPATH_SEARCH_PATHS = (
					"$(inherited)",
					"@executable_path/Frameworks",
				);
				MARKETING_VERSION = 1.0;
				PRODUCT_BUNDLE_IDENTIFIER = com.coltonlathrop.bout;
				PRODUCT_NAME = "$(TARGET_NAME)";
				SUPPORTED_PLATFORMS = "iphoneos iphonesimulator";
				SUPPORTS_MACCATALYST = NO;
				SUPPORTS_MAC_DESIGNED_FOR_IPHONE_IPAD = NO;
				SWIFT_EMIT_LOC_STRINGS = YES;
				SWIFT_VERSION = 5.0;
				TARGETED_DEVICE_FAMILY = "1,2";
			};
			name = Debug;
		};
		9C96948429357CB900AAEC25 /* Release */ = {
			isa = XCBuildConfiguration;
			buildSettings = {
				ASSETCATALOG_COMPILER_APPICON_NAME = AppIcon;
				ASSETCATALOG_COMPILER_GLOBAL_ACCENT_COLOR_NAME = AccentColor;
				CODE_SIGN_STYLE = Automatic;
				CURRENT_PROJECT_VERSION = 1;
				DEVELOPMENT_ASSET_PATHS = "\"bout/Preview Content\"";
				DEVELOPMENT_TEAM = W3CBQB54QR;
				ENABLE_PREVIEWS = YES;
				GENERATE_INFOPLIST_FILE = YES;
				INFOPLIST_KEY_UIApplicationSceneManifest_Generation = YES;
				INFOPLIST_KEY_UIApplicationSupportsIndirectInputEvents = YES;
				INFOPLIST_KEY_UILaunchScreen_Generation = YES;
				INFOPLIST_KEY_UISupportedInterfaceOrientations_iPad = "UIInterfaceOrientationPortrait UIInterfaceOrientationPortraitUpsideDown UIInterfaceOrientationLandscapeLeft UIInterfaceOrientationLandscapeRight";
				INFOPLIST_KEY_UISupportedInterfaceOrientations_iPhone = "UIInterfaceOrientationPortrait UIInterfaceOrientationLandscapeLeft UIInterfaceOrientationLandscapeRight";
				LD_RUNPATH_SEARCH_PATHS = (
					"$(inherited)",
					"@executable_path/Frameworks",
				);
				MARKETING_VERSION = 1.0;
				PRODUCT_BUNDLE_IDENTIFIER = com.coltonlathrop.bout;
				PRODUCT_NAME = "$(TARGET_NAME)";
				SUPPORTED_PLATFORMS = "iphoneos iphonesimulator";
				SUPPORTS_MACCATALYST = NO;
				SUPPORTS_MAC_DESIGNED_FOR_IPHONE_IPAD = NO;
				SWIFT_EMIT_LOC_STRINGS = YES;
				SWIFT_VERSION = 5.0;
				TARGETED_DEVICE_FAMILY = "1,2";
			};
			name = Release;
		};
		9C96948629357CB900AAEC25 /* Debug */ = {
			isa = XCBuildConfiguration;
			buildSettings = {
				ALWAYS_EMBED_SWIFT_STANDARD_LIBRARIES = YES;
				BUNDLE_LOADER = "$(TEST_HOST)";
				CODE_SIGN_STYLE = Automatic;
				CURRENT_PROJECT_VERSION = 1;
				DEVELOPMENT_TEAM = W3CBQB54QR;
				GENERATE_INFOPLIST_FILE = YES;
				IPHONEOS_DEPLOYMENT_TARGET = 16.1;
				MARKETING_VERSION = 1.0;
				PRODUCT_BUNDLE_IDENTIFIER = com.coltonlathrop.boutTests;
				PRODUCT_NAME = "$(TARGET_NAME)";
				SWIFT_EMIT_LOC_STRINGS = NO;
				SWIFT_VERSION = 5.0;
				TARGETED_DEVICE_FAMILY = "1,2";
				TEST_HOST = "$(BUILT_PRODUCTS_DIR)/bout.app/$(BUNDLE_EXECUTABLE_FOLDER_PATH)/bout";
			};
			name = Debug;
		};
		9C96948729357CB900AAEC25 /* Release */ = {
			isa = XCBuildConfiguration;
			buildSettings = {
				ALWAYS_EMBED_SWIFT_STANDARD_LIBRARIES = YES;
				BUNDLE_LOADER = "$(TEST_HOST)";
				CODE_SIGN_STYLE = Automatic;
				CURRENT_PROJECT_VERSION = 1;
				DEVELOPMENT_TEAM = W3CBQB54QR;
				GENERATE_INFOPLIST_FILE = YES;
				IPHONEOS_DEPLOYMENT_TARGET = 16.1;
				MARKETING_VERSION = 1.0;
				PRODUCT_BUNDLE_IDENTIFIER = com.coltonlathrop.boutTests;
				PRODUCT_NAME = "$(TARGET_NAME)";
				SWIFT_EMIT_LOC_STRINGS = NO;
				SWIFT_VERSION = 5.0;
				TARGETED_DEVICE_FAMILY = "1,2";
				TEST_HOST = "$(BUILT_PRODUCTS_DIR)/bout.app/$(BUNDLE_EXECUTABLE_FOLDER_PATH)/bout";
			};
			name = Release;
		};
		9C96948929357CB900AAEC25 /* Debug */ = {
			isa = XCBuildConfiguration;
			buildSettings = {
				ALWAYS_EMBED_SWIFT_STANDARD_LIBRARIES = YES;
				CODE_SIGN_STYLE = Automatic;
				CURRENT_PROJECT_VERSION = 1;
				DEVELOPMENT_TEAM = W3CBQB54QR;
				GENERATE_INFOPLIST_FILE = YES;
				MARKETING_VERSION = 1.0;
				PRODUCT_BUNDLE_IDENTIFIER = com.coltonlathrop.boutUITests;
				PRODUCT_NAME = "$(TARGET_NAME)";
				SWIFT_EMIT_LOC_STRINGS = NO;
				SWIFT_VERSION = 5.0;
				TARGETED_DEVICE_FAMILY = "1,2";
				TEST_TARGET_NAME = bout;
			};
			name = Debug;
		};
		9C96948A29357CB900AAEC25 /* Release */ = {
			isa = XCBuildConfiguration;
			buildSettings = {
				ALWAYS_EMBED_SWIFT_STANDARD_LIBRARIES = YES;
				CODE_SIGN_STYLE = Automatic;
				CURRENT_PROJECT_VERSION = 1;
				DEVELOPMENT_TEAM = W3CBQB54QR;
				GENERATE_INFOPLIST_FILE = YES;
				MARKETING_VERSION = 1.0;
				PRODUCT_BUNDLE_IDENTIFIER = com.coltonlathrop.boutUITests;
				PRODUCT_NAME = "$(TARGET_NAME)";
				SWIFT_EMIT_LOC_STRINGS = NO;
				SWIFT_VERSION = 5.0;
				TARGETED_DEVICE_FAMILY = "1,2";
				TEST_TARGET_NAME = bout;
			};
			name = Release;
		};
/* End XCBuildConfiguration section */

/* Begin XCConfigurationList section */
		9C96945929357CB800AAEC25 /* Build configuration list for PBXProject "bout" */ = {
			isa = XCConfigurationList;
			buildConfigurations = (
				9C96948029357CB900AAEC25 /* Debug */,
				9C96948129357CB900AAEC25 /* Release */,
			);
			defaultConfigurationIsVisible = 0;
			defaultConfigurationName = Release;
		};
		9C96948229357CB900AAEC25 /* Build configuration list for PBXNativeTarget "bout" */ = {
			isa = XCConfigurationList;
			buildConfigurations = (
				9C96948329357CB900AAEC25 /* Debug */,
				9C96948429357CB900AAEC25 /* Release */,
			);
			defaultConfigurationIsVisible = 0;
			defaultConfigurationName = Release;
		};
		9C96948529357CB900AAEC25 /* Build configuration list for PBXNativeTarget "boutTests" */ = {
			isa = XCConfigurationList;
			buildConfigurations = (
				9C96948629357CB900AAEC25 /* Debug */,
				9C96948729357CB900AAEC25 /* Release */,
			);
			defaultConfigurationIsVisible = 0;
			defaultConfigurationName = Release;
		};
		9C96948829357CB900AAEC25 /* Build configuration list for PBXNativeTarget "boutUITests" */ = {
			isa = XCConfigurationList;
			buildConfigurations = (
				9C96948929357CB900AAEC25 /* Debug */,
				9C96948A29357CB900AAEC25 /* Release */,
			);
			defaultConfigurationIsVisible = 0;
			defaultConfigurationName = Release;
		};
/* End XCConfigurationList section */
	};
	rootObject = 9C96945629357CB800AAEC25 /* Project object */;
}
